<?xml version="1.0" encoding="utf-8"?>
<Project ToolsVersion="4.0" xmlns="http://schemas.microsoft.com/developer/msbuild/2003">
  <ItemGroup>
    <Filter Include="Source Files">
      <UniqueIdentifier>{4FC737F1-C7A5-4376-A066-2A32D752A2FF}</UniqueIdentifier>
      <Extensions>cpp;c;cc;cxx;c++;cppm;ixx;def;odl;idl;hpj;bat;asm;asmx</Extensions>
    </Filter>
    <Filter Include="Header Files">
      <UniqueIdentifier>{93995380-89BD-4b04-88EB-625FBE52EBFB}</UniqueIdentifier>
      <Extensions>h;hh;hpp;hxx;h++;hm;inl;inc;ipp;xsd</Extensions>
    </Filter>
    <Filter Include="Resource Files">
      <UniqueIdentifier>{67DA6AB6-F800-4c08-8B7A-83BB121AAD01}</UniqueIdentifier>
      <Extensions>rc;ico;cur;bmp;dlg;rc2;rct;bin;rgs;gif;jpg;jpeg;jpe;resx;tiff;tif;png;wav;mfcribbon-ms</Extensions>
    </Filter>
    <Filter Include="Header Files\MessageHandling">
      <UniqueIdentifier>{86edbe0e-d499-41ef-8eb4-abc200b41c7e}</UniqueIdentifier>
    </Filter>
    <Filter Include="Source Files\MessageHandling">
      <UniqueIdentifier>{ab98a9b9-5c6f-4fb5-84e1-f88c2e53bbcd}</UniqueIdentifier>
    </Filter>
    <Filter Include="Source Files\MessageHandling\Read">
      <UniqueIdentifier>{d4397e96-334a-450c-89cb-29704ddb9d99}</UniqueIdentifier>
    </Filter>
    <Filter Include="Source Files\MessageHandling\Write">
      <UniqueIdentifier>{cc1e07e2-e3d9-41c8-b11b-ae294883d843}</UniqueIdentifier>
    </Filter>
    <Filter Include="Header Files\MessageHandling\Read">
      <UniqueIdentifier>{5aabcb9d-5443-43ab-82d1-784715705e2d}</UniqueIdentifier>
    </Filter>
    <Filter Include="Source Files\Connection">
      <UniqueIdentifier>{8ed960af-e46b-4478-b9ce-9f76c533b02a}</UniqueIdentifier>
    </Filter>
    <Filter Include="Header Files\Client">
      <UniqueIdentifier>{8f189602-e755-46bb-944d-8f72b0cfebaf}</UniqueIdentifier>
    </Filter>
    <Filter Include="Header Files\Connection/Session">
      <UniqueIdentifier>{14220044-bd53-4054-8de0-54ba6ff2e119}</UniqueIdentifier>
    </Filter>
    <Filter Include="Header Files\Connection/Session\Http">
      <UniqueIdentifier>{b5a6ca1c-8e90-4853-8da6-42790ae6c105}</UniqueIdentifier>
    </Filter>
    <Filter Include="Header Files\Connection/Session\Https">
      <UniqueIdentifier>{f42c2035-ae9b-4d07-9f1a-354c28fb1560}</UniqueIdentifier>
    </Filter>
    <Filter Include="Header Files\Server">
      <UniqueIdentifier>{344ff6e9-48cb-4d96-9562-7777752ea423}</UniqueIdentifier>
    </Filter>
  </ItemGroup>
  <ItemGroup>
    <ClInclude Include="TsQueue.h">
      <Filter>Header Files</Filter>
    </ClInclude>
    <ClInclude Include="StringHelper.h">
      <Filter>Header Files</Filter>
    </ClInclude>
    <ClInclude Include="ConsoleLog.h">
      <Filter>Header Files</Filter>
    </ClInclude>
    <ClInclude Include="Algo.h">
      <Filter>Header Files</Filter>
    </ClInclude>
    <ClInclude Include="HttpCommon.h">
      <Filter>Header Files\MessageHandling</Filter>
    </ClInclude>
    <ClInclude Include="Message.h">
      <Filter>Header Files\MessageHandling</Filter>
    </ClInclude>
    <ClInclude Include="MessageReader.h">
      <Filter>Header Files\MessageHandling\Read</Filter>
    </ClInclude>
    <ClInclude Include="HttpReader.h">
      <Filter>Header Files\MessageHandling\Read</Filter>
    </ClInclude>
    <ClInclude Include="Common.h">
      <Filter>Header Files</Filter>
    </ClInclude>
    <ClInclude Include="HttpResponseReader.h">
      <Filter>Header Files\MessageHandling\Read</Filter>
    </ClInclude>
    <ClInclude Include="HttpRequestReader.h">
      <Filter>Header Files\MessageHandling\Read</Filter>
    </ClInclude>
    <ClInclude Include="HttpMessage.h">
      <Filter>Header Files\MessageHandling</Filter>
    </ClInclude>
    <ClInclude Include="HttpRequest.h">
      <Filter>Header Files\MessageHandling</Filter>
    </ClInclude>
    <ClInclude Include="HttpResponse.h">
      <Filter>Header Files\MessageHandling</Filter>
    </ClInclude>
    <ClInclude Include="HttpHeader.h">
      <Filter>Header Files\MessageHandling</Filter>
    </ClInclude>
    <ClInclude Include="BasicServer.h">
      <Filter>Header Files\Server</Filter>
    </ClInclude>
    <ClInclude Include="AbstractServer.h">
      <Filter>Header Files\Server</Filter>
    </ClInclude>
    <ClInclude Include="SecureConnection.h">
      <Filter>Header Files\Connection/Session</Filter>
    </ClInclude>
    <ClInclude Include="BasicConnection.h">
      <Filter>Header Files\Connection/Session</Filter>
    </ClInclude>
    <ClInclude Include="AbstractConnection.h">
      <Filter>Header Files\Connection/Session</Filter>
    </ClInclude>
    <ClInclude Include="BasicClient.h">
      <Filter>Header Files\Client</Filter>
    </ClInclude>
    <ClInclude Include="HttpsClient.h">
      <Filter>Header Files\Client</Filter>
    </ClInclude>
    <ClInclude Include="HttpsServer.h">
      <Filter>Header Files\Server</Filter>
    </ClInclude>
    <ClInclude Include="HttpClient.h">
      <Filter>Header Files\Client</Filter>
    </ClInclude>
    <ClInclude Include="HttpServer.h">
      <Filter>Header Files\Server</Filter>
    </ClInclude>
    <ClInclude Include="HttpClientConnection.h">
      <Filter>Header Files\Connection/Session\Http</Filter>
    </ClInclude>
    <ClInclude Include="HttpServerConnection.h">
      <Filter>Header Files\Connection/Session\Http</Filter>
    </ClInclude>
    <ClInclude Include="HttpsClientConnection.h">
      <Filter>Header Files\Connection/Session\Https</Filter>
    </ClInclude>
    <ClInclude Include="HttpsServerSession.h">
      <Filter>Header Files\Connection/Session\Https</Filter>
    </ClInclude>
    <ClInclude Include="ServerConnectionList.h">
      <Filter>Header Files\Connection/Session</Filter>
    </ClInclude>
    <ClInclude Include="SecureServer.h">
      <Filter>Header Files\Server</Filter>
    </ClInclude>
    <ClInclude Include="ClientInterface.h">
      <Filter>Header Files\Client</Filter>
    </ClInclude>
    <ClInclude Include="SecureClient.h">
      <Filter>Header Files\Client</Filter>
    </ClInclude>
  </ItemGroup>
</Project>