<?xml version="1.0" encoding="utf-8"?>
<Project ToolsVersion="4.0" xmlns="http://schemas.microsoft.com/developer/msbuild/2003">
  <ItemGroup>
    <Filter Include="Source Files">
      <UniqueIdentifier>{4FC737F1-C7A5-4376-A066-2A32D752A2FF}</UniqueIdentifier>
      <Extensions>cpp;c;cc;cxx;c++;cppm;ixx;def;odl;idl;hpj;bat;asm;asmx</Extensions>
    </Filter>
    <Filter Include="Header Files">
      <UniqueIdentifier>{93995380-89BD-4b04-88EB-625FBE52EBFB}</UniqueIdentifier>
      <Extensions>h;hh;hpp;hxx;h++;hm;inl;inc;ipp;xsd</Extensions>
    </Filter>
    <Filter Include="Resource Files">
      <UniqueIdentifier>{67DA6AB6-F800-4c08-8B7A-83BB121AAD01}</UniqueIdentifier>
      <Extensions>rc;ico;cur;bmp;dlg;rc2;rct;bin;rgs;gif;jpg;jpeg;jpe;resx;tiff;tif;png;wav;mfcribbon-ms</Extensions>
    </Filter>
    <Filter Include="Header Files\MessageHandling">
      <UniqueIdentifier>{86edbe0e-d499-41ef-8eb4-abc200b41c7e}</UniqueIdentifier>
    </Filter>
    <Filter Include="Source Files\MessageHandling">
      <UniqueIdentifier>{ab98a9b9-5c6f-4fb5-84e1-f88c2e53bbcd}</UniqueIdentifier>
    </Filter>
    <Filter Include="Source Files\MessageHandling\Read">
      <UniqueIdentifier>{d4397e96-334a-450c-89cb-29704ddb9d99}</UniqueIdentifier>
    </Filter>
    <Filter Include="Source Files\MessageHandling\Write">
      <UniqueIdentifier>{cc1e07e2-e3d9-41c8-b11b-ae294883d843}</UniqueIdentifier>
    </Filter>
    <Filter Include="Header Files\MessageHandling\Write">
      <UniqueIdentifier>{3cd40744-8b43-4a9e-add4-12e0f6be196f}</UniqueIdentifier>
    </Filter>
    <Filter Include="Header Files\MessageHandling\Read">
      <UniqueIdentifier>{5aabcb9d-5443-43ab-82d1-784715705e2d}</UniqueIdentifier>
    </Filter>
    <Filter Include="Header Files\Connection">
      <UniqueIdentifier>{5d7a019a-9983-44f2-aef1-3b228e27d501}</UniqueIdentifier>
    </Filter>
    <Filter Include="Source Files\Connection">
      <UniqueIdentifier>{8ed960af-e46b-4478-b9ce-9f76c533b02a}</UniqueIdentifier>
    </Filter>
  </ItemGroup>
  <ItemGroup>
    <ClInclude Include="TsQueue.h">
      <Filter>Header Files</Filter>
    </ClInclude>
    <ClInclude Include="StringHelper.h">
      <Filter>Header Files</Filter>
    </ClInclude>
    <ClInclude Include="ConsoleLog.h">
      <Filter>Header Files</Filter>
    </ClInclude>
    <ClInclude Include="Algo.h">
      <Filter>Header Files</Filter>
    </ClInclude>
    <ClInclude Include="HttpCommon.h">
      <Filter>Header Files\MessageHandling</Filter>
    </ClInclude>
    <ClInclude Include="Message.h">
      <Filter>Header Files\MessageHandling</Filter>
    </ClInclude>
    <ClInclude Include="MessageReader.h">
      <Filter>Header Files\MessageHandling\Read</Filter>
    </ClInclude>
    <ClInclude Include="HttpReader.h">
      <Filter>Header Files\MessageHandling\Read</Filter>
    </ClInclude>
    <ClInclude Include="Common.h">
      <Filter>Header Files</Filter>
    </ClInclude>
    <ClInclude Include="Connection.h">
      <Filter>Header Files\Connection</Filter>
    </ClInclude>
    <ClInclude Include="HttpClientConnection.h">
      <Filter>Header Files\Connection</Filter>
    </ClInclude>
    <ClInclude Include="HttpServerConnection.h">
      <Filter>Header Files\Connection</Filter>
    </ClInclude>
    <ClInclude Include="ServerConnectionList.h">
      <Filter>Header Files\Connection</Filter>
    </ClInclude>
    <ClInclude Include="HttpServer.h">
      <Filter>Header Files\Connection</Filter>
    </ClInclude>
    <ClInclude Include="AbstractServer.h">
      <Filter>Header Files\Connection</Filter>
    </ClInclude>
    <ClInclude Include="AbstractClient.h">
      <Filter>Header Files\Connection</Filter>
    </ClInclude>
    <ClInclude Include="HttpResponseReader.h">
      <Filter>Header Files\MessageHandling\Read</Filter>
    </ClInclude>
    <ClInclude Include="HttpRequestReader.h">
      <Filter>Header Files\MessageHandling\Read</Filter>
    </ClInclude>
    <ClInclude Include="HttpMessage.h">
      <Filter>Header Files\MessageHandling</Filter>
    </ClInclude>
    <ClInclude Include="HttpRequest.h">
      <Filter>Header Files\MessageHandling</Filter>
    </ClInclude>
    <ClInclude Include="HttpResponse.h">
      <Filter>Header Files\MessageHandling</Filter>
    </ClInclude>
    <ClInclude Include="HttpClient.h">
      <Filter>Header Files\Connection</Filter>
    </ClInclude>
    <ClInclude Include="HttpHeader.h">
      <Filter>Header Files\MessageHandling</Filter>
    </ClInclude>
  </ItemGroup>
</Project>