<?xml version="1.0" encoding="utf-8"?>
<Project ToolsVersion="4.0" xmlns="http://schemas.microsoft.com/developer/msbuild/2003">
  <ItemGroup>
    <Filter Include="Source Files">
      <UniqueIdentifier>{4FC737F1-C7A5-4376-A066-2A32D752A2FF}</UniqueIdentifier>
      <Extensions>cpp;c;cc;cxx;c++;cppm;ixx;def;odl;idl;hpj;bat;asm;asmx</Extensions>
    </Filter>
    <Filter Include="Header Files">
      <UniqueIdentifier>{93995380-89BD-4b04-88EB-625FBE52EBFB}</UniqueIdentifier>
      <Extensions>h;hh;hpp;hxx;h++;hm;inl;inc;ipp;xsd</Extensions>
    </Filter>
    <Filter Include="Resource Files">
      <UniqueIdentifier>{67DA6AB6-F800-4c08-8B7A-83BB121AAD01}</UniqueIdentifier>
      <Extensions>rc;ico;cur;bmp;dlg;rc2;rct;bin;rgs;gif;jpg;jpeg;jpe;resx;tiff;tif;png;wav;mfcribbon-ms</Extensions>
    </Filter>
    <Filter Include="Header Files\MessageHandling">
      <UniqueIdentifier>{86edbe0e-d499-41ef-8eb4-abc200b41c7e}</UniqueIdentifier>
    </Filter>
    <Filter Include="Header Files\MessageHandling\Read">
      <UniqueIdentifier>{5aabcb9d-5443-43ab-82d1-784715705e2d}</UniqueIdentifier>
    </Filter>
    <Filter Include="Header Files\Client">
      <UniqueIdentifier>{8f189602-e755-46bb-944d-8f72b0cfebaf}</UniqueIdentifier>
    </Filter>
    <Filter Include="Header Files\Connection/Session">
      <UniqueIdentifier>{14220044-bd53-4054-8de0-54ba6ff2e119}</UniqueIdentifier>
    </Filter>
    <Filter Include="Header Files\Connection/Session\Http">
      <UniqueIdentifier>{b5a6ca1c-8e90-4853-8da6-42790ae6c105}</UniqueIdentifier>
    </Filter>
    <Filter Include="Header Files\Connection/Session\Https">
      <UniqueIdentifier>{f42c2035-ae9b-4d07-9f1a-354c28fb1560}</UniqueIdentifier>
    </Filter>
    <Filter Include="Header Files\Server">
      <UniqueIdentifier>{344ff6e9-48cb-4d96-9562-7777752ea423}</UniqueIdentifier>
    </Filter>
    <Filter Include="Header Files\JWT">
      <UniqueIdentifier>{2e871f85-f259-491c-a9ed-869e6314e35f}</UniqueIdentifier>
    </Filter>
    <Filter Include="Header Files\Client\ResponseHandler">
      <UniqueIdentifier>{69de63f9-f529-4452-b31a-2506b1c1fdf1}</UniqueIdentifier>
    </Filter>
    <Filter Include="Header Files\Routing">
      <UniqueIdentifier>{583dca1d-009b-456a-a263-2483e4d20436}</UniqueIdentifier>
    </Filter>
    <Filter Include="Header Files\WebpageHandling">
      <UniqueIdentifier>{e2a38be4-0be7-4492-8984-9fdf443fd0c2}</UniqueIdentifier>
    </Filter>
    <Filter Include="Header Files\Utility">
      <UniqueIdentifier>{cff1c1f3-2fca-4a4b-9be5-2c184217d8ca}</UniqueIdentifier>
    </Filter>
    <Filter Include="Source Files\Utility">
      <UniqueIdentifier>{d88a71cc-076d-4f34-ae72-3f48c27da8fc}</UniqueIdentifier>
    </Filter>
  </ItemGroup>
  <ItemGroup>
    <ClInclude Include="HttpCommon.hpp">
      <Filter>Header Files\MessageHandling</Filter>
    </ClInclude>
    <ClInclude Include="Message.hpp">
      <Filter>Header Files\MessageHandling</Filter>
    </ClInclude>
    <ClInclude Include="MessageReader.hpp">
      <Filter>Header Files\MessageHandling\Read</Filter>
    </ClInclude>
    <ClInclude Include="HttpReader.hpp">
      <Filter>Header Files\MessageHandling\Read</Filter>
    </ClInclude>
    <ClInclude Include="HttpResponseReader.hpp">
      <Filter>Header Files\MessageHandling\Read</Filter>
    </ClInclude>
    <ClInclude Include="HttpRequestReader.hpp">
      <Filter>Header Files\MessageHandling\Read</Filter>
    </ClInclude>
    <ClInclude Include="HttpMessage.hpp">
      <Filter>Header Files\MessageHandling</Filter>
    </ClInclude>
    <ClInclude Include="HttpRequest.hpp">
      <Filter>Header Files\MessageHandling</Filter>
    </ClInclude>
    <ClInclude Include="HttpResponse.hpp">
      <Filter>Header Files\MessageHandling</Filter>
    </ClInclude>
    <ClInclude Include="HttpHeaders.hpp">
      <Filter>Header Files\MessageHandling</Filter>
    </ClInclude>
    <ClInclude Include="BasicServer.hpp">
      <Filter>Header Files\Server</Filter>
    </ClInclude>
    <ClInclude Include="AbstractServer.hpp">
      <Filter>Header Files\Server</Filter>
    </ClInclude>
    <ClInclude Include="SecureConnection.hpp">
      <Filter>Header Files\Connection/Session</Filter>
    </ClInclude>
    <ClInclude Include="BasicConnection.hpp">
      <Filter>Header Files\Connection/Session</Filter>
    </ClInclude>
    <ClInclude Include="AbstractConnection.hpp">
      <Filter>Header Files\Connection/Session</Filter>
    </ClInclude>
    <ClInclude Include="BasicClient.hpp">
      <Filter>Header Files\Client</Filter>
    </ClInclude>
    <ClInclude Include="HttpsClient.hpp">
      <Filter>Header Files\Client</Filter>
    </ClInclude>
    <ClInclude Include="HttpsServer.hpp">
      <Filter>Header Files\Server</Filter>
    </ClInclude>
    <ClInclude Include="HttpClient.hpp">
      <Filter>Header Files\Client</Filter>
    </ClInclude>
    <ClInclude Include="HttpServer.hpp">
      <Filter>Header Files\Server</Filter>
    </ClInclude>
    <ClInclude Include="HttpClientConnection.hpp">
      <Filter>Header Files\Connection/Session\Http</Filter>
    </ClInclude>
    <ClInclude Include="HttpServerConnection.hpp">
      <Filter>Header Files\Connection/Session\Http</Filter>
    </ClInclude>
    <ClInclude Include="HttpsClientConnection.hpp">
      <Filter>Header Files\Connection/Session\Https</Filter>
    </ClInclude>
    <ClInclude Include="HttpsServerSession.hpp">
      <Filter>Header Files\Connection/Session\Https</Filter>
    </ClInclude>
    <ClInclude Include="ServerConnectionList.hpp">
      <Filter>Header Files\Connection/Session</Filter>
    </ClInclude>
    <ClInclude Include="SecureServer.hpp">
      <Filter>Header Files\Server</Filter>
    </ClInclude>
    <ClInclude Include="ClientInterface.hpp">
      <Filter>Header Files\Client</Filter>
    </ClInclude>
    <ClInclude Include="JWTgenerator.hpp">
      <Filter>Header Files\JWT</Filter>
    </ClInclude>
    <ClInclude Include="JWTvalidator.hpp">
      <Filter>Header Files\JWT</Filter>
    </ClInclude>
    <ClInclude Include="ListRouter.hpp">
      <Filter>Header Files\Routing</Filter>
    </ClInclude>
    <ClInclude Include="RouterInterface.hpp">
      <Filter>Header Files\Routing</Filter>
    </ClInclude>
    <ClInclude Include="SecureClient.hpp">
      <Filter>Header Files\Client</Filter>
    </ClInclude>
    <ClInclude Include="AbstractResponseHandler.hpp">
      <Filter>Header Files\Client\ResponseHandler</Filter>
    </ClInclude>
    <ClInclude Include="HttpResponseHandler.hpp">
      <Filter>Header Files\Client\ResponseHandler</Filter>
    </ClInclude>
    <ClInclude Include="HttpFilter.hpp">
      <Filter>Header Files\MessageHandling\Read</Filter>
    </ClInclude>
    <ClInclude Include="Resource.h">
      <Filter>Header Files\Routing</Filter>
    </ClInclude>
    <ClInclude Include="WebPageCodex.hpp">
      <Filter>Header Files\WebpageHandling</Filter>
    </ClInclude>
    <ClInclude Include="WebComponent.hpp">
      <Filter>Header Files\WebpageHandling</Filter>
    </ClInclude>
    <ClInclude Include="Algo.hpp">
      <Filter>Header Files\Utility</Filter>
    </ClInclude>
    <ClInclude Include="DataFilters.hpp">
      <Filter>Header Files\Utility</Filter>
    </ClInclude>
    <ClInclude Include="StringHelper.hpp">
      <Filter>Header Files\Utility</Filter>
    </ClInclude>
    <ClInclude Include="FileHelper.hpp">
      <Filter>Header Files\Utility</Filter>
    </ClInclude>
    <ClInclude Include="TsQueue.hpp">
      <Filter>Header Files\Utility</Filter>
    </ClInclude>
    <ClInclude Include="ConsoleLog.hpp">
      <Filter>Header Files\Utility</Filter>
    </ClInclude>
    <ClInclude Include="Common.hpp">
      <Filter>Header Files\Utility</Filter>
    </ClInclude>
    <ClInclude Include="ConstexprMap.hpp">
      <Filter>Header Files\Utility</Filter>
    </ClInclude>
  </ItemGroup>
  <ItemGroup>
    <ClCompile Include="WebPageDeliverer.hpp">
      <Filter>Header Files\WebpageHandling</Filter>
    </ClCompile>
    <ClCompile Include="FileHelper.cpp">
      <Filter>Source Files\Utility</Filter>
    </ClCompile>
  </ItemGroup>
</Project>